{
  "R": {
    "Version": "4.1.0",
    "Repositories": [
      {
        "Name": "CRAN",
        "URL": "https://mac.r-project.org"
      }
    ]
  },
  "Packages": {
    "BH": {
      "Package": "BH",
      "Version": "1.75.0-0",
      "Source": "Repository",
      "Repository": "RSPM",
      "Hash": "e4c04affc2cac20c8fec18385cd14691"
    },
    "MASS": {
      "Package": "MASS",
      "Version": "7.3-54",
      "Source": "Repository",
      "Repository": "CRAN",
      "Hash": "0e59129db205112e3963904db67fd0dc"
    },
    "Matrix": {
      "Package": "Matrix",
      "Version": "1.3-3",
      "Source": "Repository",
      "Repository": "CRAN",
      "Hash": "df57c82e79600601287edfdcef92c2d6"
    },
    "R6": {
      "Package": "R6",
      "Version": "2.5.0",
      "Source": "Repository",
      "Repository": "RSPM",
      "Hash": "b203113193e70978a696b2809525649d"
    },
    "RColorBrewer": {
      "Package": "RColorBrewer",
      "Version": "1.1-2",
      "Source": "Repository",
      "Repository": "RSPM",
      "Hash": "e031418365a7f7a766181ab5a41a5716"
    },
    "Rcpp": {
      "Package": "Rcpp",
      "Version": "1.0.6",
      "Source": "Repository",
      "Repository": "RSPM",
      "Hash": "dbb5e436998a7eba5a9d682060533338"
    },
    "abind": {
      "Package": "abind",
      "Version": "1.4-5",
      "Source": "Repository",
      "Repository": "CRAN",
      "Hash": "4f57884290cc75ab22f4af9e9d4ca862"
    },
    "askpass": {
      "Package": "askpass",
      "Version": "1.1",
      "Source": "Repository",
      "Repository": "RSPM",
      "Hash": "e8a22846fff485f0be3770c2da758713"
    },
    "bit": {
      "Package": "bit",
      "Version": "4.0.4",
      "Source": "Repository",
      "Repository": "RSPM",
      "Hash": "f36715f14d94678eea9933af927bc15d"
    },
    "bit64": {
      "Package": "bit64",
      "Version": "4.0.5",
      "Source": "Repository",
      "Repository": "RSPM",
      "Hash": "9fe98599ca456d6552421db0d6772d8f"
    },
    "callr": {
      "Package": "callr",
      "Version": "3.7.0",
      "Source": "Repository",
      "Repository": "RSPM",
      "Hash": "461aa75a11ce2400245190ef5d3995df"
    },
    "cli": {
      "Package": "cli",
      "Version": "2.5.0",
      "Source": "Repository",
      "Repository": "RSPM",
      "Hash": "a94ba44cee3ea571e813721e64184172"
    },
    "clipr": {
      "Package": "clipr",
      "Version": "0.7.1",
      "Source": "Repository",
      "Repository": "RSPM",
      "Hash": "ebaa97ac99cc2daf04e77eecc7b781d7"
    },
    "colorspace": {
      "Package": "colorspace",
      "Version": "2.0-1",
      "Source": "Repository",
      "Repository": "RSPM",
      "Hash": "6cab523af06ac301e7a40c5529d45882"
    },
    "coro": {
      "Package": "coro",
      "Version": "1.0.1",
      "Source": "Repository",
      "Repository": "CRAN",
      "Hash": "69995aadd5d67dfed56e3760a501ec39"
    },
    "cpp11": {
      "Package": "cpp11",
      "Version": "0.2.7",
      "Source": "Repository",
      "Repository": "RSPM",
      "Hash": "730eebcc741a5c36761f7d4d0f5e37b8"
    },
    "crayon": {
      "Package": "crayon",
      "Version": "1.4.1",
      "Source": "Repository",
      "Repository": "RSPM",
      "Hash": "e75525c55c70e5f4f78c9960a4b402e9"
    },
    "credentials": {
      "Package": "credentials",
      "Version": "1.3.0",
      "Source": "Repository",
      "Repository": "RSPM",
      "Hash": "a96728288c75a814c900af9da84387be"
    },
    "curl": {
      "Package": "curl",
      "Version": "4.3.1",
      "Source": "Repository",
      "Repository": "RSPM",
      "Hash": "c5e68405893f030f139f6d6675eac675"
    },
    "desc": {
      "Package": "desc",
      "Version": "1.3.0",
      "Source": "Repository",
      "Repository": "RSPM",
      "Hash": "b6963166f7f10b970af1006c462ce6cd"
    },
    "digest": {
      "Package": "digest",
      "Version": "0.6.27",
      "Source": "Repository",
      "Repository": "RSPM",
      "Hash": "a0cbe758a531d054b537d16dff4d58a1"
    },
    "dplyr": {
      "Package": "dplyr",
      "Version": "1.0.6",
      "Source": "Repository",
      "Repository": "RSPM",
      "Hash": "19e84500b64bc7e589cb1e2550e25832"
    },
    "ellipsis": {
      "Package": "ellipsis",
      "Version": "0.3.2",
      "Source": "Repository",
      "Repository": "RSPM",
      "Hash": "bb0eec2fe32e88d9e2836c2f73ea2077"
    },
    "fansi": {
      "Package": "fansi",
      "Version": "0.5.0",
      "Source": "Repository",
      "Repository": "RSPM",
      "Hash": "d447b40982c576a72b779f0a3b3da227"
    },
    "farver": {
      "Package": "farver",
      "Version": "2.1.0",
      "Source": "Repository",
      "Repository": "RSPM",
      "Hash": "c98eb5133d9cb9e1622b8691487f11bb"
    },
    "fs": {
      "Package": "fs",
      "Version": "1.5.0",
      "Source": "Repository",
      "Repository": "RSPM",
      "Hash": "44594a07a42e5f91fac9f93fda6d0109"
    },
    "generics": {
      "Package": "generics",
      "Version": "0.1.0",
      "Source": "Repository",
      "Repository": "RSPM",
      "Hash": "4d243a9c10b00589889fe32314ffd902"
    },
    "gert": {
      "Package": "gert",
      "Version": "1.3.0",
      "Source": "Repository",
      "Repository": "RSPM",
      "Hash": "56f398846cd40937be6b435a66bd3f37"
    },
    "ggplot2": {
      "Package": "ggplot2",
      "Version": "3.3.3",
      "Source": "Repository",
      "Repository": "RSPM",
      "Hash": "3eb6477d01eb5bbdc03f7d5f70f2733e"
    },
    "ggrepel": {
      "Package": "ggrepel",
      "Version": "0.9.1",
      "Source": "Repository",
      "Repository": "CRAN",
      "Hash": "08ab869f37e6a7741a64ab9069bcb67d"
    },
    "gh": {
      "Package": "gh",
      "Version": "1.3.0",
      "Source": "Repository",
      "Repository": "RSPM",
      "Hash": "38c2580abbda249bd6afeec00d14f531"
    },
    "gitcreds": {
      "Package": "gitcreds",
      "Version": "0.1.1",
      "Source": "Repository",
      "Repository": "RSPM",
      "Hash": "f3aefccc1cc50de6338146b62f115de8"
    },
    "glue": {
      "Package": "glue",
      "Version": "1.4.2",
      "Source": "Repository",
      "Repository": "RSPM",
      "Hash": "6efd734b14c6471cfe443345f3e35e29"
    },
    "gtable": {
      "Package": "gtable",
      "Version": "0.3.0",
      "Source": "Repository",
      "Repository": "RSPM",
      "Hash": "ac5c6baf7822ce8732b343f14c072c4d"
    },
    "here": {
      "Package": "here",
      "Version": "1.0.1",
      "Source": "Repository",
      "Repository": "RSPM",
      "Hash": "24b224366f9c2e7534d2344d10d59211"
    },
    "hms": {
      "Package": "hms",
      "Version": "1.1.0",
      "Source": "Repository",
      "Repository": "RSPM",
      "Hash": "e4bf161ccb74a2c1c0e8ac63bbe332b4"
    },
    "httr": {
      "Package": "httr",
      "Version": "1.4.2",
      "Source": "Repository",
      "Repository": "RSPM",
      "Hash": "a525aba14184fec243f9eaec62fbed43"
    },
    "ini": {
      "Package": "ini",
      "Version": "0.3.1",
      "Source": "Repository",
      "Repository": "RSPM",
      "Hash": "6154ec2223172bce8162d4153cda21f7"
    },
    "isoband": {
      "Package": "isoband",
      "Version": "0.2.4",
      "Source": "Repository",
      "Repository": "RSPM",
      "Hash": "b2008df40fb297e3fef135c7e8eeec1a"
    },
    "jpeg": {
      "Package": "jpeg",
      "Version": "0.1-8.1",
      "Source": "Repository",
      "Repository": "RSPM",
      "Hash": "bc316c003aba520fc73d70ad53b5fc36"
    },
    "jsonlite": {
      "Package": "jsonlite",
      "Version": "1.7.2",
      "Source": "Repository",
      "Repository": "RSPM",
      "Hash": "98138e0994d41508c7a6b84a0600cfcb"
    },
    "labeling": {
      "Package": "labeling",
      "Version": "0.4.2",
      "Source": "Repository",
      "Repository": "RSPM",
      "Hash": "3d5108641f47470611a32d0bdf357a72"
    },
    "lattice": {
      "Package": "lattice",
      "Version": "0.20-44",
      "Source": "Repository",
      "Repository": "CRAN",
      "Hash": "f36bf1a849d9106dc2af72e501f9de41"
    },
    "lifecycle": {
      "Package": "lifecycle",
      "Version": "1.0.0",
      "Source": "Repository",
      "Repository": "RSPM",
      "Hash": "3471fb65971f1a7b2d4ae7848cf2db8d"
    },
    "magrittr": {
      "Package": "magrittr",
      "Version": "2.0.1",
      "Source": "Repository",
      "Repository": "RSPM",
      "Hash": "41287f1ac7d28a92f0a286ed507928d3"
    },
    "mgcv": {
      "Package": "mgcv",
      "Version": "1.8-35",
      "Source": "Repository",
      "Repository": "CRAN",
      "Hash": "89fd8b2ad4a6cb4979b78cf2a77ab503"
    },
    "mime": {
      "Package": "mime",
      "Version": "0.10",
      "Source": "Repository",
      "Repository": "RSPM",
      "Hash": "26fa77e707223e1ce042b2b5d09993dc"
    },
    "munsell": {
      "Package": "munsell",
      "Version": "0.5.0",
      "Source": "Repository",
      "Repository": "RSPM",
      "Hash": "6dfe8bf774944bd5595785e3229d8771"
    },
    "nlme": {
      "Package": "nlme",
      "Version": "3.1-152",
      "Source": "Repository",
      "Repository": "CRAN",
      "Hash": "35de1ce639f20b5e10f7f46260730c65"
    },
    "openssl": {
      "Package": "openssl",
      "Version": "1.4.4",
      "Source": "Repository",
      "Repository": "RSPM",
      "Hash": "f4dbc5a47fd93d3415249884d31d6791"
    },
    "pillar": {
      "Package": "pillar",
      "Version": "1.6.1",
      "Source": "Repository",
      "Repository": "RSPM",
      "Hash": "8672ae02bd20f6479bce2d06c7ff1401"
    },
    "pkgconfig": {
      "Package": "pkgconfig",
      "Version": "2.0.3",
      "Source": "Repository",
      "Repository": "RSPM",
      "Hash": "01f28d4278f15c76cddbea05899c5d6f"
    },
    "png": {
      "Package": "png",
      "Version": "0.1-7",
      "Source": "Repository",
      "Repository": "RSPM",
      "Hash": "03b7076c234cb3331288919983326c55"
    },
    "processx": {
      "Package": "processx",
      "Version": "3.5.2",
      "Source": "Repository",
      "Repository": "RSPM",
      "Hash": "0cbca2bc4d16525d009c4dbba156b37c"
    },
    "ps": {
      "Package": "ps",
      "Version": "1.6.0",
      "Source": "Repository",
      "Repository": "RSPM",
      "Hash": "32620e2001c1dce1af49c49dccbb9420"
    },
    "purrr": {
      "Package": "purrr",
      "Version": "0.3.4",
      "Source": "Repository",
      "Repository": "RSPM",
      "Hash": "97def703420c8ab10d8f0e6c72101e02"
    },
    "rappdirs": {
      "Package": "rappdirs",
      "Version": "0.3.3",
      "Source": "Repository",
      "Repository": "RSPM",
      "Hash": "5e3c5dc0b071b21fa128676560dbe94d"
    },
    "readr": {
      "Package": "readr",
      "Version": "1.4.0",
      "Source": "Repository",
      "Repository": "RSPM",
      "Hash": "2639976851f71f330264a9c9c3d43a61"
    },
    "renv": {
      "Package": "renv",
      "Version": "0.13.2",
      "Source": "Repository",
      "Repository": "RSPM",
      "Hash": "079cb1f03ff972b30401ed05623cbe92"
    },
    "rlang": {
      "Package": "rlang",
      "Version": "0.4.11",
      "Source": "Repository",
      "Repository": "RSPM",
      "Hash": "515f341d3affe0de9e4a7f762efb0456"
    },
    "rprojroot": {
      "Package": "rprojroot",
      "Version": "2.0.2",
      "Source": "Repository",
      "Repository": "RSPM",
      "Hash": "249d8cd1e74a8f6a26194a91b47f21d1"
    },
    "rstudioapi": {
      "Package": "rstudioapi",
      "Version": "0.13",
      "Source": "Repository",
      "Repository": "RSPM",
      "Hash": "06c85365a03fdaf699966cc1d3cf53ea"
    },
    "scales": {
      "Package": "scales",
      "Version": "1.1.1",
      "Source": "Repository",
      "Repository": "RSPM",
      "Hash": "6f76f71042411426ec8df6c54f34e6dd"
    },
    "sys": {
      "Package": "sys",
      "Version": "3.4",
      "Source": "Repository",
      "Repository": "RSPM",
      "Hash": "b227d13e29222b4574486cfcbde077fa"
    },
    "tibble": {
      "Package": "tibble",
      "Version": "3.1.2",
      "Source": "Repository",
      "Repository": "RSPM",
      "Hash": "349b40a9f144516d537c875e786ec8b8"
    },
    "tidyselect": {
      "Package": "tidyselect",
      "Version": "1.1.1",
      "Source": "Repository",
      "Repository": "RSPM",
      "Hash": "7243004a708d06d4716717fa1ff5b2fe"
    },
    "torch": {
      "Package": "torch",
      "Version": "0.3.0",
      "Source": "Repository",
      "Repository": "CRAN",
      "Hash": "1cc5b49dfc8423c3df70ddd5f9852d34"
    },
    "torchvision": {
      "Package": "torchvision",
      "Version": "0.3.0",
      "Source": "Repository",
      "Repository": "CRAN",
      "Hash": "9745c300ad3f6021494ebbe5474019d1"
    },
    "usethis": {
      "Package": "usethis",
      "Version": "2.0.1",
      "Source": "Repository",
      "Repository": "RSPM",
      "Hash": "360e904f9e623286e1a0c6ca0a98c5f6"
    },
    "utf8": {
      "Package": "utf8",
      "Version": "1.2.1",
      "Source": "Repository",
      "Repository": "RSPM",
      "Hash": "c3ad47dc6da0751f18ed53c4613e3ac7"
    },
    "vctrs": {
      "Package": "vctrs",
      "Version": "0.3.8",
      "Source": "Repository",
      "Repository": "RSPM",
      "Hash": "ecf749a1b39ea72bd9b51b76292261f1"
    },
    "viridisLite": {
      "Package": "viridisLite",
      "Version": "0.4.0",
      "Source": "Repository",
      "Repository": "RSPM",
      "Hash": "55e157e2aa88161bdb0754218470d204"
    },
    "whisker": {
      "Package": "whisker",
      "Version": "0.4",
      "Source": "Repository",
      "Repository": "RSPM",
      "Hash": "ca970b96d894e90397ed20637a0c1bbe"
    },
    "withr": {
      "Package": "withr",
      "Version": "2.4.2",
      "Source": "Repository",
      "Repository": "RSPM",
      "Hash": "ad03909b44677f930fa156d47d7a3aeb"
    },
    "yaml": {
      "Package": "yaml",
      "Version": "2.2.1",
      "Source": "Repository",
      "Repository": "RSPM",
      "Hash": "2826c5d9efb0a88f657c7a679c7106db"
    },
    "zip": {
      "Package": "zip",
      "Version": "2.2.0",
      "Source": "Repository",
      "Repository": "RSPM",
      "Hash": "c7eef2996ac270a18c2715c997a727c5"
    }
  }
}
